// !$*UTF8*$!
{
	archiveVersion = 1;
	classes = {
	};
	objectVersion = 55;
	objects = {

/* Begin PBXBuildFile section */
		CB036B152747FA02004B85C4 /* ListView.swift in Sources */ = {isa = PBXBuildFile; fileRef = CB036B142747FA02004B85C4 /* ListView.swift */; };
		CB036B162747FA02004B85C4 /* ListView.swift in Sources */ = {isa = PBXBuildFile; fileRef = CB036B142747FA02004B85C4 /* ListView.swift */; };
		CB036B5C274BA617004B85C4 /* PhotoView.swift in Sources */ = {isa = PBXBuildFile; fileRef = CB036B5B274BA617004B85C4 /* PhotoView.swift */; };
		CB036B5D274BA618004B85C4 /* PhotoView.swift in Sources */ = {isa = PBXBuildFile; fileRef = CB036B5B274BA617004B85C4 /* PhotoView.swift */; };
		CB036B5E274BA9C8004B85C4 /* Preview Assets.xcassets in Resources */ = {isa = PBXBuildFile; fileRef = CB036B5A274BA41A004B85C4 /* Preview Assets.xcassets */; };
		CB036B5F274BA9C9004B85C4 /* Preview Assets.xcassets in Resources */ = {isa = PBXBuildFile; fileRef = CB036B5A274BA41A004B85C4 /* Preview Assets.xcassets */; };
		CB036B61274C4AC4004B85C4 /* ListPhotoView.swift in Sources */ = {isa = PBXBuildFile; fileRef = CB036B60274C4AC3004B85C4 /* ListPhotoView.swift */; };
		CB036B62274C4AC4004B85C4 /* ListPhotoView.swift in Sources */ = {isa = PBXBuildFile; fileRef = CB036B60274C4AC3004B85C4 /* ListPhotoView.swift */; };
		CBDDB69527451F2400B0CB35 /* Tests_iOS.swift in Sources */ = {isa = PBXBuildFile; fileRef = CBDDB69427451F2400B0CB35 /* Tests_iOS.swift */; };
		CBDDB69727451F2400B0CB35 /* Tests_iOSLaunchTests.swift in Sources */ = {isa = PBXBuildFile; fileRef = CBDDB69627451F2400B0CB35 /* Tests_iOSLaunchTests.swift */; };
		CBDDB6A127451F2400B0CB35 /* Tests_macOS.swift in Sources */ = {isa = PBXBuildFile; fileRef = CBDDB6A027451F2400B0CB35 /* Tests_macOS.swift */; };
		CBDDB6A327451F2400B0CB35 /* Tests_macOSLaunchTests.swift in Sources */ = {isa = PBXBuildFile; fileRef = CBDDB6A227451F2400B0CB35 /* Tests_macOSLaunchTests.swift */; };
		CBDDB6A427451F2400B0CB35 /* PhotoLoaderApp.swift in Sources */ = {isa = PBXBuildFile; fileRef = CBDDB67C27451F2000B0CB35 /* PhotoLoaderApp.swift */; };
		CBDDB6A527451F2400B0CB35 /* PhotoLoaderApp.swift in Sources */ = {isa = PBXBuildFile; fileRef = CBDDB67C27451F2000B0CB35 /* PhotoLoaderApp.swift */; };
		CBDDB6A627451F2400B0CB35 /* ContentView.swift in Sources */ = {isa = PBXBuildFile; fileRef = CBDDB67D27451F2000B0CB35 /* ContentView.swift */; };
		CBDDB6A727451F2400B0CB35 /* ContentView.swift in Sources */ = {isa = PBXBuildFile; fileRef = CBDDB67D27451F2000B0CB35 /* ContentView.swift */; };
		CBDDB6A827451F2400B0CB35 /* Assets.xcassets in Resources */ = {isa = PBXBuildFile; fileRef = CBDDB67E27451F2400B0CB35 /* Assets.xcassets */; };
		CBDDB6A927451F2400B0CB35 /* Assets.xcassets in Resources */ = {isa = PBXBuildFile; fileRef = CBDDB67E27451F2400B0CB35 /* Assets.xcassets */; };
		CBDDB6BF27451F8B00B0CB35 /* PhotoLoaderTests.swift in Sources */ = {isa = PBXBuildFile; fileRef = CBDDB6BE27451F8B00B0CB35 /* PhotoLoaderTests.swift */; };
		CBDDB6C62745238400B0CB35 /* PhotoInfo.swift in Sources */ = {isa = PBXBuildFile; fileRef = CBDDB6C52745238400B0CB35 /* PhotoInfo.swift */; };
		CBDDB6C72745238400B0CB35 /* PhotoInfo.swift in Sources */ = {isa = PBXBuildFile; fileRef = CBDDB6C52745238400B0CB35 /* PhotoInfo.swift */; };
		CBDDB6C9274530AB00B0CB35 /* Remote.swift in Sources */ = {isa = PBXBuildFile; fileRef = CBDDB6C8274530AB00B0CB35 /* Remote.swift */; };
		CBDDB6CA274530AB00B0CB35 /* Remote.swift in Sources */ = {isa = PBXBuildFile; fileRef = CBDDB6C8274530AB00B0CB35 /* Remote.swift */; };
/* End PBXBuildFile section */

/* Begin PBXContainerItemProxy section */
		CBDDB69127451F2400B0CB35 /* PBXContainerItemProxy */ = {
			isa = PBXContainerItemProxy;
			containerPortal = CBDDB67727451F2000B0CB35 /* Project object */;
			proxyType = 1;
			remoteGlobalIDString = CBDDB68227451F2400B0CB35;
			remoteInfo = "PhotoLoader (iOS)";
		};
		CBDDB69D27451F2400B0CB35 /* PBXContainerItemProxy */ = {
			isa = PBXContainerItemProxy;
			containerPortal = CBDDB67727451F2000B0CB35 /* Project object */;
			proxyType = 1;
			remoteGlobalIDString = CBDDB68827451F2400B0CB35;
			remoteInfo = "PhotoLoader (macOS)";
		};
		CBDDB6C027451F8B00B0CB35 /* PBXContainerItemProxy */ = {
			isa = PBXContainerItemProxy;
			containerPortal = CBDDB67727451F2000B0CB35 /* Project object */;
			proxyType = 1;
			remoteGlobalIDString = CBDDB68227451F2400B0CB35;
			remoteInfo = "PhotoLoader (iOS)";
		};
/* End PBXContainerItemProxy section */

/* Begin PBXFileReference section */
		CB036B142747FA02004B85C4 /* ListView.swift */ = {isa = PBXFileReference; lastKnownFileType = sourcecode.swift; path = ListView.swift; sourceTree = "<group>"; };
		CB036B5A274BA41A004B85C4 /* Preview Assets.xcassets */ = {isa = PBXFileReference; lastKnownFileType = folder.assetcatalog; path = "Preview Assets.xcassets"; sourceTree = "<group>"; };
		CB036B5B274BA617004B85C4 /* PhotoView.swift */ = {isa = PBXFileReference; lastKnownFileType = sourcecode.swift; path = PhotoView.swift; sourceTree = "<group>"; };
		CB036B60274C4AC3004B85C4 /* ListPhotoView.swift */ = {isa = PBXFileReference; lastKnownFileType = sourcecode.swift; path = ListPhotoView.swift; sourceTree = "<group>"; };
		CBDDB67C27451F2000B0CB35 /* PhotoLoaderApp.swift */ = {isa = PBXFileReference; lastKnownFileType = sourcecode.swift; path = PhotoLoaderApp.swift; sourceTree = "<group>"; };
		CBDDB67D27451F2000B0CB35 /* ContentView.swift */ = {isa = PBXFileReference; lastKnownFileType = sourcecode.swift; path = ContentView.swift; sourceTree = "<group>"; };
		CBDDB67E27451F2400B0CB35 /* Assets.xcassets */ = {isa = PBXFileReference; lastKnownFileType = folder.assetcatalog; path = Assets.xcassets; sourceTree = "<group>"; };
		CBDDB68327451F2400B0CB35 /* PhotoLoader.app */ = {isa = PBXFileReference; explicitFileType = wrapper.application; includeInIndex = 0; path = PhotoLoader.app; sourceTree = BUILT_PRODUCTS_DIR; };
		CBDDB68927451F2400B0CB35 /* PhotoLoader.app */ = {isa = PBXFileReference; explicitFileType = wrapper.application; includeInIndex = 0; path = PhotoLoader.app; sourceTree = BUILT_PRODUCTS_DIR; };
		CBDDB68B27451F2400B0CB35 /* macOS.entitlements */ = {isa = PBXFileReference; lastKnownFileType = text.plist.entitlements; path = macOS.entitlements; sourceTree = "<group>"; };
		CBDDB69027451F2400B0CB35 /* Tests iOS.xctest */ = {isa = PBXFileReference; explicitFileType = wrapper.cfbundle; includeInIndex = 0; path = "Tests iOS.xctest"; sourceTree = BUILT_PRODUCTS_DIR; };
		CBDDB69427451F2400B0CB35 /* Tests_iOS.swift */ = {isa = PBXFileReference; lastKnownFileType = sourcecode.swift; path = Tests_iOS.swift; sourceTree = "<group>"; };
		CBDDB69627451F2400B0CB35 /* Tests_iOSLaunchTests.swift */ = {isa = PBXFileReference; lastKnownFileType = sourcecode.swift; path = Tests_iOSLaunchTests.swift; sourceTree = "<group>"; };
		CBDDB69C27451F2400B0CB35 /* Tests macOS.xctest */ = {isa = PBXFileReference; explicitFileType = wrapper.cfbundle; includeInIndex = 0; path = "Tests macOS.xctest"; sourceTree = BUILT_PRODUCTS_DIR; };
		CBDDB6A027451F2400B0CB35 /* Tests_macOS.swift */ = {isa = PBXFileReference; lastKnownFileType = sourcecode.swift; path = Tests_macOS.swift; sourceTree = "<group>"; };
		CBDDB6A227451F2400B0CB35 /* Tests_macOSLaunchTests.swift */ = {isa = PBXFileReference; lastKnownFileType = sourcecode.swift; path = Tests_macOSLaunchTests.swift; sourceTree = "<group>"; };
		CBDDB6BC27451F8B00B0CB35 /* PhotoLoaderTests.xctest */ = {isa = PBXFileReference; explicitFileType = wrapper.cfbundle; includeInIndex = 0; path = PhotoLoaderTests.xctest; sourceTree = BUILT_PRODUCTS_DIR; };
		CBDDB6BE27451F8B00B0CB35 /* PhotoLoaderTests.swift */ = {isa = PBXFileReference; lastKnownFileType = sourcecode.swift; path = PhotoLoaderTests.swift; sourceTree = "<group>"; };
		CBDDB6C52745238400B0CB35 /* PhotoInfo.swift */ = {isa = PBXFileReference; lastKnownFileType = sourcecode.swift; path = PhotoInfo.swift; sourceTree = "<group>"; };
		CBDDB6C8274530AB00B0CB35 /* Remote.swift */ = {isa = PBXFileReference; lastKnownFileType = sourcecode.swift; path = Remote.swift; sourceTree = "<group>"; };
/* End PBXFileReference section */

/* Begin PBXFrameworksBuildPhase section */
		CBDDB68027451F2400B0CB35 /* Frameworks */ = {
			isa = PBXFrameworksBuildPhase;
			buildActionMask = 2147483647;
			files = (
			);
			runOnlyForDeploymentPostprocessing = 0;
		};
		CBDDB68627451F2400B0CB35 /* Frameworks */ = {
			isa = PBXFrameworksBuildPhase;
			buildActionMask = 2147483647;
			files = (
			);
			runOnlyForDeploymentPostprocessing = 0;
		};
		CBDDB68D27451F2400B0CB35 /* Frameworks */ = {
			isa = PBXFrameworksBuildPhase;
			buildActionMask = 2147483647;
			files = (
			);
			runOnlyForDeploymentPostprocessing = 0;
		};
		CBDDB69927451F2400B0CB35 /* Frameworks */ = {
			isa = PBXFrameworksBuildPhase;
			buildActionMask = 2147483647;
			files = (
			);
			runOnlyForDeploymentPostprocessing = 0;
		};
		CBDDB6B927451F8B00B0CB35 /* Frameworks */ = {
			isa = PBXFrameworksBuildPhase;
			buildActionMask = 2147483647;
			files = (
			);
			runOnlyForDeploymentPostprocessing = 0;
		};
/* End PBXFrameworksBuildPhase section */

/* Begin PBXGroup section */
		CB036B59274BA3D2004B85C4 /* Preview Content */ = {
			isa = PBXGroup;
			children = (
				CB036B5A274BA41A004B85C4 /* Preview Assets.xcassets */,
			);
			path = "Preview Content";
			sourceTree = "<group>";
		};
		CBDDB67627451F2000B0CB35 = {
			isa = PBXGroup;
			children = (
				CBDDB67B27451F2000B0CB35 /* Shared */,
				CB036B59274BA3D2004B85C4 /* Preview Content */,
				CBDDB68A27451F2400B0CB35 /* macOS */,
				CBDDB69327451F2400B0CB35 /* Tests iOS */,
				CBDDB69F27451F2400B0CB35 /* Tests macOS */,
				CBDDB6BD27451F8B00B0CB35 /* PhotoLoaderTests */,
				CBDDB68427451F2400B0CB35 /* Products */,
			);
			sourceTree = "<group>";
		};
		CBDDB67B27451F2000B0CB35 /* Shared */ = {
			isa = PBXGroup;
			children = (
				CBDDB67C27451F2000B0CB35 /* PhotoLoaderApp.swift */,
				CBDDB67D27451F2000B0CB35 /* ContentView.swift */,
				CBDDB6C52745238400B0CB35 /* PhotoInfo.swift */,
				CBDDB6C8274530AB00B0CB35 /* Remote.swift */,
				CB036B142747FA02004B85C4 /* ListView.swift */,
				CB036B60274C4AC3004B85C4 /* ListPhotoView.swift */,
				CB036B5B274BA617004B85C4 /* PhotoView.swift */,
				CBDDB67E27451F2400B0CB35 /* Assets.xcassets */,
			);
			path = Shared;
			sourceTree = "<group>";
		};
		CBDDB68427451F2400B0CB35 /* Products */ = {
			isa = PBXGroup;
			children = (
				CBDDB68327451F2400B0CB35 /* PhotoLoader.app */,
				CBDDB68927451F2400B0CB35 /* PhotoLoader.app */,
				CBDDB69027451F2400B0CB35 /* Tests iOS.xctest */,
				CBDDB69C27451F2400B0CB35 /* Tests macOS.xctest */,
				CBDDB6BC27451F8B00B0CB35 /* PhotoLoaderTests.xctest */,
			);
			name = Products;
			sourceTree = "<group>";
		};
		CBDDB68A27451F2400B0CB35 /* macOS */ = {
			isa = PBXGroup;
			children = (
				CBDDB68B27451F2400B0CB35 /* macOS.entitlements */,
			);
			path = macOS;
			sourceTree = "<group>";
		};
		CBDDB69327451F2400B0CB35 /* Tests iOS */ = {
			isa = PBXGroup;
			children = (
				CBDDB69427451F2400B0CB35 /* Tests_iOS.swift */,
				CBDDB69627451F2400B0CB35 /* Tests_iOSLaunchTests.swift */,
			);
			path = "Tests iOS";
			sourceTree = "<group>";
		};
		CBDDB69F27451F2400B0CB35 /* Tests macOS */ = {
			isa = PBXGroup;
			children = (
				CBDDB6A027451F2400B0CB35 /* Tests_macOS.swift */,
				CBDDB6A227451F2400B0CB35 /* Tests_macOSLaunchTests.swift */,
			);
			path = "Tests macOS";
			sourceTree = "<group>";
		};
		CBDDB6BD27451F8B00B0CB35 /* PhotoLoaderTests */ = {
			isa = PBXGroup;
			children = (
				CBDDB6BE27451F8B00B0CB35 /* PhotoLoaderTests.swift */,
			);
			path = PhotoLoaderTests;
			sourceTree = "<group>";
		};
/* End PBXGroup section */

/* Begin PBXNativeTarget section */
		CBDDB68227451F2400B0CB35 /* PhotoLoader (iOS) */ = {
			isa = PBXNativeTarget;
			buildConfigurationList = CBDDB6AC27451F2400B0CB35 /* Build configuration list for PBXNativeTarget "PhotoLoader (iOS)" */;
			buildPhases = (
				CBDDB67F27451F2400B0CB35 /* Sources */,
				CBDDB68027451F2400B0CB35 /* Frameworks */,
				CBDDB68127451F2400B0CB35 /* Resources */,
			);
			buildRules = (
			);
			dependencies = (
			);
			name = "PhotoLoader (iOS)";
			productName = "PhotoLoader (iOS)";
			productReference = CBDDB68327451F2400B0CB35 /* PhotoLoader.app */;
			productType = "com.apple.product-type.application";
		};
		CBDDB68827451F2400B0CB35 /* PhotoLoader (macOS) */ = {
			isa = PBXNativeTarget;
			buildConfigurationList = CBDDB6AF27451F2400B0CB35 /* Build configuration list for PBXNativeTarget "PhotoLoader (macOS)" */;
			buildPhases = (
				CBDDB68527451F2400B0CB35 /* Sources */,
				CBDDB68627451F2400B0CB35 /* Frameworks */,
				CBDDB68727451F2400B0CB35 /* Resources */,
			);
			buildRules = (
			);
			dependencies = (
			);
			name = "PhotoLoader (macOS)";
			productName = "PhotoLoader (macOS)";
			productReference = CBDDB68927451F2400B0CB35 /* PhotoLoader.app */;
			productType = "com.apple.product-type.application";
		};
		CBDDB68F27451F2400B0CB35 /* Tests iOS */ = {
			isa = PBXNativeTarget;
			buildConfigurationList = CBDDB6B227451F2400B0CB35 /* Build configuration list for PBXNativeTarget "Tests iOS" */;
			buildPhases = (
				CBDDB68C27451F2400B0CB35 /* Sources */,
				CBDDB68D27451F2400B0CB35 /* Frameworks */,
				CBDDB68E27451F2400B0CB35 /* Resources */,
			);
			buildRules = (
			);
			dependencies = (
				CBDDB69227451F2400B0CB35 /* PBXTargetDependency */,
			);
			name = "Tests iOS";
			productName = "Tests iOS";
			productReference = CBDDB69027451F2400B0CB35 /* Tests iOS.xctest */;
			productType = "com.apple.product-type.bundle.ui-testing";
		};
		CBDDB69B27451F2400B0CB35 /* Tests macOS */ = {
			isa = PBXNativeTarget;
			buildConfigurationList = CBDDB6B527451F2400B0CB35 /* Build configuration list for PBXNativeTarget "Tests macOS" */;
			buildPhases = (
				CBDDB69827451F2400B0CB35 /* Sources */,
				CBDDB69927451F2400B0CB35 /* Frameworks */,
				CBDDB69A27451F2400B0CB35 /* Resources */,
			);
			buildRules = (
			);
			dependencies = (
				CBDDB69E27451F2400B0CB35 /* PBXTargetDependency */,
			);
			name = "Tests macOS";
			productName = "Tests macOS";
			productReference = CBDDB69C27451F2400B0CB35 /* Tests macOS.xctest */;
			productType = "com.apple.product-type.bundle.ui-testing";
		};
		CBDDB6BB27451F8B00B0CB35 /* PhotoLoaderTests */ = {
			isa = PBXNativeTarget;
			buildConfigurationList = CBDDB6C227451F8B00B0CB35 /* Build configuration list for PBXNativeTarget "PhotoLoaderTests" */;
			buildPhases = (
				CBDDB6B827451F8B00B0CB35 /* Sources */,
				CBDDB6B927451F8B00B0CB35 /* Frameworks */,
				CBDDB6BA27451F8B00B0CB35 /* Resources */,
			);
			buildRules = (
			);
			dependencies = (
				CBDDB6C127451F8B00B0CB35 /* PBXTargetDependency */,
			);
			name = PhotoLoaderTests;
			productName = PhotoLoaderTests;
			productReference = CBDDB6BC27451F8B00B0CB35 /* PhotoLoaderTests.xctest */;
			productType = "com.apple.product-type.bundle.unit-test";
		};
/* End PBXNativeTarget section */

/* Begin PBXProject section */
		CBDDB67727451F2000B0CB35 /* Project object */ = {
			isa = PBXProject;
			attributes = {
				BuildIndependentTargetsInParallel = 1;
				LastSwiftUpdateCheck = 1310;
				LastUpgradeCheck = 1310;
				TargetAttributes = {
					CBDDB68227451F2400B0CB35 = {
						CreatedOnToolsVersion = 13.1;
					};
					CBDDB68827451F2400B0CB35 = {
						CreatedOnToolsVersion = 13.1;
					};
					CBDDB68F27451F2400B0CB35 = {
						CreatedOnToolsVersion = 13.1;
						TestTargetID = CBDDB68227451F2400B0CB35;
					};
					CBDDB69B27451F2400B0CB35 = {
						CreatedOnToolsVersion = 13.1;
						TestTargetID = CBDDB68827451F2400B0CB35;
					};
					CBDDB6BB27451F8B00B0CB35 = {
						CreatedOnToolsVersion = 13.1;
						TestTargetID = CBDDB68227451F2400B0CB35;
					};
				};
			};
			buildConfigurationList = CBDDB67A27451F2000B0CB35 /* Build configuration list for PBXProject "PhotoLoader" */;
			compatibilityVersion = "Xcode 13.0";
			developmentRegion = en;
			hasScannedForEncodings = 0;
			knownRegions = (
				en,
				Base,
			);
			mainGroup = CBDDB67627451F2000B0CB35;
			productRefGroup = CBDDB68427451F2400B0CB35 /* Products */;
			projectDirPath = "";
			projectRoot = "";
			targets = (
				CBDDB68227451F2400B0CB35 /* PhotoLoader (iOS) */,
				CBDDB68827451F2400B0CB35 /* PhotoLoader (macOS) */,
				CBDDB68F27451F2400B0CB35 /* Tests iOS */,
				CBDDB69B27451F2400B0CB35 /* Tests macOS */,
				CBDDB6BB27451F8B00B0CB35 /* PhotoLoaderTests */,
			);
		};
/* End PBXProject section */

/* Begin PBXResourcesBuildPhase section */
		CBDDB68127451F2400B0CB35 /* Resources */ = {
			isa = PBXResourcesBuildPhase;
			buildActionMask = 2147483647;
			files = (
				CB036B5E274BA9C8004B85C4 /* Preview Assets.xcassets in Resources */,
				CBDDB6A827451F2400B0CB35 /* Assets.xcassets in Resources */,
			);
			runOnlyForDeploymentPostprocessing = 0;
		};
		CBDDB68727451F2400B0CB35 /* Resources */ = {
			isa = PBXResourcesBuildPhase;
			buildActionMask = 2147483647;
			files = (
				CB036B5F274BA9C9004B85C4 /* Preview Assets.xcassets in Resources */,
				CBDDB6A927451F2400B0CB35 /* Assets.xcassets in Resources */,
			);
			runOnlyForDeploymentPostprocessing = 0;
		};
		CBDDB68E27451F2400B0CB35 /* Resources */ = {
			isa = PBXResourcesBuildPhase;
			buildActionMask = 2147483647;
			files = (
			);
			runOnlyForDeploymentPostprocessing = 0;
		};
		CBDDB69A27451F2400B0CB35 /* Resources */ = {
			isa = PBXResourcesBuildPhase;
			buildActionMask = 2147483647;
			files = (
			);
			runOnlyForDeploymentPostprocessing = 0;
		};
		CBDDB6BA27451F8B00B0CB35 /* Resources */ = {
			isa = PBXResourcesBuildPhase;
			buildActionMask = 2147483647;
			files = (
			);
			runOnlyForDeploymentPostprocessing = 0;
		};
/* End PBXResourcesBuildPhase section */

/* Begin PBXSourcesBuildPhase section */
		CBDDB67F27451F2400B0CB35 /* Sources */ = {
			isa = PBXSourcesBuildPhase;
			buildActionMask = 2147483647;
			files = (
				CBDDB6C62745238400B0CB35 /* PhotoInfo.swift in Sources */,
				CB036B61274C4AC4004B85C4 /* ListPhotoView.swift in Sources */,
				CBDDB6A627451F2400B0CB35 /* ContentView.swift in Sources */,
				CB036B152747FA02004B85C4 /* ListView.swift in Sources */,
				CB036B5C274BA617004B85C4 /* PhotoView.swift in Sources */,
				CBDDB6A427451F2400B0CB35 /* PhotoLoaderApp.swift in Sources */,
				CBDDB6C9274530AB00B0CB35 /* Remote.swift in Sources */,
			);
			runOnlyForDeploymentPostprocessing = 0;
		};
		CBDDB68527451F2400B0CB35 /* Sources */ = {
			isa = PBXSourcesBuildPhase;
			buildActionMask = 2147483647;
			files = (
				CBDDB6C72745238400B0CB35 /* PhotoInfo.swift in Sources */,
				CB036B62274C4AC4004B85C4 /* ListPhotoView.swift in Sources */,
				CBDDB6A727451F2400B0CB35 /* ContentView.swift in Sources */,
				CB036B162747FA02004B85C4 /* ListView.swift in Sources */,
				CB036B5D274BA618004B85C4 /* PhotoView.swift in Sources */,
				CBDDB6A527451F2400B0CB35 /* PhotoLoaderApp.swift in Sources */,
				CBDDB6CA274530AB00B0CB35 /* Remote.swift in Sources */,
			);
			runOnlyForDeploymentPostprocessing = 0;
		};
		CBDDB68C27451F2400B0CB35 /* Sources */ = {
			isa = PBXSourcesBuildPhase;
			buildActionMask = 2147483647;
			files = (
				CBDDB69727451F2400B0CB35 /* Tests_iOSLaunchTests.swift in Sources */,
				CBDDB69527451F2400B0CB35 /* Tests_iOS.swift in Sources */,
			);
			runOnlyForDeploymentPostprocessing = 0;
		};
		CBDDB69827451F2400B0CB35 /* Sources */ = {
			isa = PBXSourcesBuildPhase;
			buildActionMask = 2147483647;
			files = (
				CBDDB6A327451F2400B0CB35 /* Tests_macOSLaunchTests.swift in Sources */,
				CBDDB6A127451F2400B0CB35 /* Tests_macOS.swift in Sources */,
			);
			runOnlyForDeploymentPostprocessing = 0;
		};
		CBDDB6B827451F8B00B0CB35 /* Sources */ = {
			isa = PBXSourcesBuildPhase;
			buildActionMask = 2147483647;
			files = (
				CBDDB6BF27451F8B00B0CB35 /* PhotoLoaderTests.swift in Sources */,
			);
			runOnlyForDeploymentPostprocessing = 0;
		};
/* End PBXSourcesBuildPhase section */

/* Begin PBXTargetDependency section */
		CBDDB69227451F2400B0CB35 /* PBXTargetDependency */ = {
			isa = PBXTargetDependency;
			target = CBDDB68227451F2400B0CB35 /* PhotoLoader (iOS) */;
			targetProxy = CBDDB69127451F2400B0CB35 /* PBXContainerItemProxy */;
		};
		CBDDB69E27451F2400B0CB35 /* PBXTargetDependency */ = {
			isa = PBXTargetDependency;
			target = CBDDB68827451F2400B0CB35 /* PhotoLoader (macOS) */;
			targetProxy = CBDDB69D27451F2400B0CB35 /* PBXContainerItemProxy */;
		};
		CBDDB6C127451F8B00B0CB35 /* PBXTargetDependency */ = {
			isa = PBXTargetDependency;
			target = CBDDB68227451F2400B0CB35 /* PhotoLoader (iOS) */;
			targetProxy = CBDDB6C027451F8B00B0CB35 /* PBXContainerItemProxy */;
		};
/* End PBXTargetDependency section */

/* Begin XCBuildConfiguration section */
		CBDDB6AA27451F2400B0CB35 /* Debug */ = {
			isa = XCBuildConfiguration;
			buildSettings = {
				ALWAYS_SEARCH_USER_PATHS = NO;
				CLANG_ANALYZER_NONNULL = YES;
				CLANG_ANALYZER_NUMBER_OBJECT_CONVERSION = YES_AGGRESSIVE;
				CLANG_CXX_LANGUAGE_STANDARD = "gnu++17";
				CLANG_CXX_LIBRARY = "libc++";
				CLANG_ENABLE_MODULES = YES;
				CLANG_ENABLE_OBJC_ARC = YES;
				CLANG_ENABLE_OBJC_WEAK = YES;
				CLANG_WARN_BLOCK_CAPTURE_AUTORELEASING = YES;
				CLANG_WARN_BOOL_CONVERSION = YES;
				CLANG_WARN_COMMA = YES;
				CLANG_WARN_CONSTANT_CONVERSION = YES;
				CLANG_WARN_DEPRECATED_OBJC_IMPLEMENTATIONS = YES;
				CLANG_WARN_DIRECT_OBJC_ISA_USAGE = YES_ERROR;
				CLANG_WARN_DOCUMENTATION_COMMENTS = YES;
				CLANG_WARN_EMPTY_BODY = YES;
				CLANG_WARN_ENUM_CONVERSION = YES;
				CLANG_WARN_INFINITE_RECURSION = YES;
				CLANG_WARN_INT_CONVERSION = YES;
				CLANG_WARN_NON_LITERAL_NULL_CONVERSION = YES;
				CLANG_WARN_OBJC_IMPLICIT_RETAIN_SELF = YES;
				CLANG_WARN_OBJC_LITERAL_CONVERSION = YES;
				CLANG_WARN_OBJC_ROOT_CLASS = YES_ERROR;
				CLANG_WARN_QUOTED_INCLUDE_IN_FRAMEWORK_HEADER = YES;
				CLANG_WARN_RANGE_LOOP_ANALYSIS = YES;
				CLANG_WARN_STRICT_PROTOTYPES = YES;
				CLANG_WARN_SUSPICIOUS_MOVE = YES;
				CLANG_WARN_UNGUARDED_AVAILABILITY = YES_AGGRESSIVE;
				CLANG_WARN_UNREACHABLE_CODE = YES;
				CLANG_WARN__DUPLICATE_METHOD_MATCH = YES;
				COPY_PHASE_STRIP = NO;
				DEBUG_INFORMATION_FORMAT = dwarf;
				ENABLE_STRICT_OBJC_MSGSEND = YES;
				ENABLE_TESTABILITY = YES;
				GCC_C_LANGUAGE_STANDARD = gnu11;
				GCC_DYNAMIC_NO_PIC = NO;
				GCC_NO_COMMON_BLOCKS = YES;
				GCC_OPTIMIZATION_LEVEL = 0;
				GCC_PREPROCESSOR_DEFINITIONS = (
					"DEBUG=1",
					"$(inherited)",
				);
				GCC_WARN_64_TO_32_BIT_CONVERSION = YES;
				GCC_WARN_ABOUT_RETURN_TYPE = YES_ERROR;
				GCC_WARN_UNDECLARED_SELECTOR = YES;
				GCC_WARN_UNINITIALIZED_AUTOS = YES_AGGRESSIVE;
				GCC_WARN_UNUSED_FUNCTION = YES;
				GCC_WARN_UNUSED_VARIABLE = YES;
				MTL_ENABLE_DEBUG_INFO = INCLUDE_SOURCE;
				MTL_FAST_MATH = YES;
				ONLY_ACTIVE_ARCH = YES;
				SWIFT_ACTIVE_COMPILATION_CONDITIONS = DEBUG;
				SWIFT_OPTIMIZATION_LEVEL = "-Onone";
			};
			name = Debug;
		};
		CBDDB6AB27451F2400B0CB35 /* Release */ = {
			isa = XCBuildConfiguration;
			buildSettings = {
				ALWAYS_SEARCH_USER_PATHS = NO;
				CLANG_ANALYZER_NONNULL = YES;
				CLANG_ANALYZER_NUMBER_OBJECT_CONVERSION = YES_AGGRESSIVE;
				CLANG_CXX_LANGUAGE_STANDARD = "gnu++17";
				CLANG_CXX_LIBRARY = "libc++";
				CLANG_ENABLE_MODULES = YES;
				CLANG_ENABLE_OBJC_ARC = YES;
				CLANG_ENABLE_OBJC_WEAK = YES;
				CLANG_WARN_BLOCK_CAPTURE_AUTORELEASING = YES;
				CLANG_WARN_BOOL_CONVERSION = YES;
				CLANG_WARN_COMMA = YES;
				CLANG_WARN_CONSTANT_CONVERSION = YES;
				CLANG_WARN_DEPRECATED_OBJC_IMPLEMENTATIONS = YES;
				CLANG_WARN_DIRECT_OBJC_ISA_USAGE = YES_ERROR;
				CLANG_WARN_DOCUMENTATION_COMMENTS = YES;
				CLANG_WARN_EMPTY_BODY = YES;
				CLANG_WARN_ENUM_CONVERSION = YES;
				CLANG_WARN_INFINITE_RECURSION = YES;
				CLANG_WARN_INT_CONVERSION = YES;
				CLANG_WARN_NON_LITERAL_NULL_CONVERSION = YES;
				CLANG_WARN_OBJC_IMPLICIT_RETAIN_SELF = YES;
				CLANG_WARN_OBJC_LITERAL_CONVERSION = YES;
				CLANG_WARN_OBJC_ROOT_CLASS = YES_ERROR;
				CLANG_WARN_QUOTED_INCLUDE_IN_FRAMEWORK_HEADER = YES;
				CLANG_WARN_RANGE_LOOP_ANALYSIS = YES;
				CLANG_WARN_STRICT_PROTOTYPES = YES;
				CLANG_WARN_SUSPICIOUS_MOVE = YES;
				CLANG_WARN_UNGUARDED_AVAILABILITY = YES_AGGRESSIVE;
				CLANG_WARN_UNREACHABLE_CODE = YES;
				CLANG_WARN__DUPLICATE_METHOD_MATCH = YES;
				COPY_PHASE_STRIP = NO;
				DEBUG_INFORMATION_FORMAT = "dwarf-with-dsym";
				ENABLE_NS_ASSERTIONS = NO;
				ENABLE_STRICT_OBJC_MSGSEND = YES;
				GCC_C_LANGUAGE_STANDARD = gnu11;
				GCC_NO_COMMON_BLOCKS = YES;
				GCC_WARN_64_TO_32_BIT_CONVERSION = YES;
				GCC_WARN_ABOUT_RETURN_TYPE = YES_ERROR;
				GCC_WARN_UNDECLARED_SELECTOR = YES;
				GCC_WARN_UNINITIALIZED_AUTOS = YES_AGGRESSIVE;
				GCC_WARN_UNUSED_FUNCTION = YES;
				GCC_WARN_UNUSED_VARIABLE = YES;
				MTL_ENABLE_DEBUG_INFO = NO;
				MTL_FAST_MATH = YES;
				SWIFT_COMPILATION_MODE = wholemodule;
				SWIFT_OPTIMIZATION_LEVEL = "-O";
			};
			name = Release;
		};
		CBDDB6AD27451F2400B0CB35 /* Debug */ = {
			isa = XCBuildConfiguration;
			buildSettings = {
				ASSETCATALOG_COMPILER_APPICON_NAME = AppIcon;
				ASSETCATALOG_COMPILER_GLOBAL_ACCENT_COLOR_NAME = AccentColor;
				CODE_SIGN_STYLE = Automatic;
				CURRENT_PROJECT_VERSION = 1;
				DEVELOPMENT_ASSET_PATHS = "Preview\\ Content/Preview\\ Assets.xcassets";
				DEVELOPMENT_TEAM = M3DTZN9V9B;
				ENABLE_PREVIEWS = YES;
				GENERATE_INFOPLIST_FILE = YES;
				INFOPLIST_KEY_UIApplicationSceneManifest_Generation = YES;
				INFOPLIST_KEY_UIApplicationSupportsIndirectInputEvents = YES;
				INFOPLIST_KEY_UILaunchScreen_Generation = YES;
				INFOPLIST_KEY_UISupportedInterfaceOrientations_iPad = "UIInterfaceOrientationPortrait UIInterfaceOrientationPortraitUpsideDown UIInterfaceOrientationLandscapeLeft UIInterfaceOrientationLandscapeRight";
				INFOPLIST_KEY_UISupportedInterfaceOrientations_iPhone = "UIInterfaceOrientationPortrait UIInterfaceOrientationLandscapeLeft UIInterfaceOrientationLandscapeRight";
				IPHONEOS_DEPLOYMENT_TARGET = 15.0;
				LD_RUNPATH_SEARCH_PATHS = (
					"$(inherited)",
					"@executable_path/Frameworks",
				);
				MARKETING_VERSION = 1.0;
				PRODUCT_BUNDLE_IDENTIFIER = com.vonbelow.PhotoLoader;
				PRODUCT_NAME = PhotoLoader;
				SDKROOT = iphoneos;
				SWIFT_EMIT_LOC_STRINGS = YES;
				SWIFT_VERSION = 5.0;
				TARGETED_DEVICE_FAMILY = "1,2";
			};
			name = Debug;
		};
		CBDDB6AE27451F2400B0CB35 /* Release */ = {
			isa = XCBuildConfiguration;
			buildSettings = {
				ASSETCATALOG_COMPILER_APPICON_NAME = AppIcon;
				ASSETCATALOG_COMPILER_GLOBAL_ACCENT_COLOR_NAME = AccentColor;
				CODE_SIGN_STYLE = Automatic;
				CURRENT_PROJECT_VERSION = 1;
				DEVELOPMENT_ASSET_PATHS = "Preview\\ Content/Preview\\ Assets.xcassets";
				DEVELOPMENT_TEAM = M3DTZN9V9B;
				ENABLE_PREVIEWS = YES;
				GENERATE_INFOPLIST_FILE = YES;
				INFOPLIST_KEY_UIApplicationSceneManifest_Generation = YES;
				INFOPLIST_KEY_UIApplicationSupportsIndirectInputEvents = YES;
				INFOPLIST_KEY_UILaunchScreen_Generation = YES;
				INFOPLIST_KEY_UISupportedInterfaceOrientations_iPad = "UIInterfaceOrientationPortrait UIInterfaceOrientationPortraitUpsideDown UIInterfaceOrientationLandscapeLeft UIInterfaceOrientationLandscapeRight";
				INFOPLIST_KEY_UISupportedInterfaceOrientations_iPhone = "UIInterfaceOrientationPortrait UIInterfaceOrientationLandscapeLeft UIInterfaceOrientationLandscapeRight";
				IPHONEOS_DEPLOYMENT_TARGET = 15.0;
				LD_RUNPATH_SEARCH_PATHS = (
					"$(inherited)",
					"@executable_path/Frameworks",
				);
				MARKETING_VERSION = 1.0;
				PRODUCT_BUNDLE_IDENTIFIER = com.vonbelow.PhotoLoader;
				PRODUCT_NAME = PhotoLoader;
				SDKROOT = iphoneos;
				SWIFT_EMIT_LOC_STRINGS = YES;
				SWIFT_VERSION = 5.0;
				TARGETED_DEVICE_FAMILY = "1,2";
				VALIDATE_PRODUCT = YES;
			};
			name = Release;
		};
		CBDDB6B027451F2400B0CB35 /* Debug */ = {
			isa = XCBuildConfiguration;
			buildSettings = {
				ASSETCATALOG_COMPILER_APPICON_NAME = AppIcon;
				ASSETCATALOG_COMPILER_GLOBAL_ACCENT_COLOR_NAME = AccentColor;
				CODE_SIGN_ENTITLEMENTS = macOS/macOS.entitlements;
				CODE_SIGN_STYLE = Automatic;
				COMBINE_HIDPI_IMAGES = YES;
				CURRENT_PROJECT_VERSION = 1;
				DEVELOPMENT_TEAM = M3DTZN9V9B;
				ENABLE_HARDENED_RUNTIME = YES;
				ENABLE_PREVIEWS = YES;
				GENERATE_INFOPLIST_FILE = YES;
				INFOPLIST_KEY_NSHumanReadableCopyright = "";
				LD_RUNPATH_SEARCH_PATHS = (
					"$(inherited)",
					"@executable_path/../Frameworks",
				);
				MACOSX_DEPLOYMENT_TARGET = 11.5;
				MARKETING_VERSION = 1.0;
				PRODUCT_BUNDLE_IDENTIFIER = com.vonbelow.PhotoLoader;
				PRODUCT_NAME = PhotoLoader;
				SDKROOT = macosx;
				SWIFT_EMIT_LOC_STRINGS = YES;
				SWIFT_VERSION = 5.0;
			};
			name = Debug;
		};
		CBDDB6B127451F2400B0CB35 /* Release */ = {
			isa = XCBuildConfiguration;
			buildSettings = {
				ASSETCATALOG_COMPILER_APPICON_NAME = AppIcon;
				ASSETCATALOG_COMPILER_GLOBAL_ACCENT_COLOR_NAME = AccentColor;
				CODE_SIGN_ENTITLEMENTS = macOS/macOS.entitlements;
				CODE_SIGN_STYLE = Automatic;
				COMBINE_HIDPI_IMAGES = YES;
				CURRENT_PROJECT_VERSION = 1;
				DEVELOPMENT_TEAM = M3DTZN9V9B;
				ENABLE_HARDENED_RUNTIME = YES;
				ENABLE_PREVIEWS = YES;
				GENERATE_INFOPLIST_FILE = YES;
				INFOPLIST_KEY_NSHumanReadableCopyright = "";
				LD_RUNPATH_SEARCH_PATHS = (
					"$(inherited)",
					"@executable_path/../Frameworks",
				);
				MACOSX_DEPLOYMENT_TARGET = 11.5;
				MARKETING_VERSION = 1.0;
				PRODUCT_BUNDLE_IDENTIFIER = com.vonbelow.PhotoLoader;
				PRODUCT_NAME = PhotoLoader;
				SDKROOT = macosx;
				SWIFT_EMIT_LOC_STRINGS = YES;
				SWIFT_VERSION = 5.0;
			};
			name = Release;
		};
		CBDDB6B327451F2400B0CB35 /* Debug */ = {
			isa = XCBuildConfiguration;
			buildSettings = {
				ALWAYS_EMBED_SWIFT_STANDARD_LIBRARIES = YES;
				CODE_SIGN_STYLE = Automatic;
				CURRENT_PROJECT_VERSION = 1;
				DEVELOPMENT_TEAM = M3DTZN9V9B;
				GENERATE_INFOPLIST_FILE = YES;
				IPHONEOS_DEPLOYMENT_TARGET = 15.0;
				LD_RUNPATH_SEARCH_PATHS = (
					"$(inherited)",
					"@executable_path/Frameworks",
					"@loader_path/Frameworks",
				);
				MARKETING_VERSION = 1.0;
				PRODUCT_BUNDLE_IDENTIFIER = "com.vonbelow.Tests-iOS";
				PRODUCT_NAME = "$(TARGET_NAME)";
				SDKROOT = iphoneos;
				SWIFT_EMIT_LOC_STRINGS = NO;
				SWIFT_VERSION = 5.0;
				TARGETED_DEVICE_FAMILY = "1,2";
				TEST_TARGET_NAME = "PhotoLoader (iOS)";
			};
			name = Debug;
		};
		CBDDB6B427451F2400B0CB35 /* Release */ = {
			isa = XCBuildConfiguration;
			buildSettings = {
				ALWAYS_EMBED_SWIFT_STANDARD_LIBRARIES = YES;
				CODE_SIGN_STYLE = Automatic;
				CURRENT_PROJECT_VERSION = 1;
				DEVELOPMENT_TEAM = M3DTZN9V9B;
				GENERATE_INFOPLIST_FILE = YES;
				IPHONEOS_DEPLOYMENT_TARGET = 15.0;
				LD_RUNPATH_SEARCH_PATHS = (
					"$(inherited)",
					"@executable_path/Frameworks",
					"@loader_path/Frameworks",
				);
				MARKETING_VERSION = 1.0;
				PRODUCT_BUNDLE_IDENTIFIER = "com.vonbelow.Tests-iOS";
				PRODUCT_NAME = "$(TARGET_NAME)";
				SDKROOT = iphoneos;
				SWIFT_EMIT_LOC_STRINGS = NO;
				SWIFT_VERSION = 5.0;
				TARGETED_DEVICE_FAMILY = "1,2";
				TEST_TARGET_NAME = "PhotoLoader (iOS)";
				VALIDATE_PRODUCT = YES;
			};
			name = Release;
		};
		CBDDB6B627451F2400B0CB35 /* Debug */ = {
			isa = XCBuildConfiguration;
			buildSettings = {
				ALWAYS_EMBED_SWIFT_STANDARD_LIBRARIES = YES;
				CODE_SIGN_STYLE = Automatic;
				COMBINE_HIDPI_IMAGES = YES;
				CURRENT_PROJECT_VERSION = 1;
				DEVELOPMENT_TEAM = M3DTZN9V9B;
				GENERATE_INFOPLIST_FILE = YES;
				LD_RUNPATH_SEARCH_PATHS = (
					"$(inherited)",
					"@executable_path/../Frameworks",
					"@loader_path/../Frameworks",
				);
				MACOSX_DEPLOYMENT_TARGET = 11.5;
				MARKETING_VERSION = 1.0;
				PRODUCT_BUNDLE_IDENTIFIER = "com.vonbelow.Tests-macOS";
				PRODUCT_NAME = "$(TARGET_NAME)";
				SDKROOT = macosx;
				SWIFT_EMIT_LOC_STRINGS = NO;
				SWIFT_VERSION = 5.0;
				TEST_TARGET_NAME = "PhotoLoader (macOS)";
			};
			name = Debug;
		};
		CBDDB6B727451F2400B0CB35 /* Release */ = {
			isa = XCBuildConfiguration;
			buildSettings = {
				ALWAYS_EMBED_SWIFT_STANDARD_LIBRARIES = YES;
				CODE_SIGN_STYLE = Automatic;
				COMBINE_HIDPI_IMAGES = YES;
				CURRENT_PROJECT_VERSION = 1;
				DEVELOPMENT_TEAM = M3DTZN9V9B;
				GENERATE_INFOPLIST_FILE = YES;
				LD_RUNPATH_SEARCH_PATHS = (
					"$(inherited)",
					"@executable_path/../Frameworks",
					"@loader_path/../Frameworks",
				);
				MACOSX_DEPLOYMENT_TARGET = 11.5;
				MARKETING_VERSION = 1.0;
				PRODUCT_BUNDLE_IDENTIFIER = "com.vonbelow.Tests-macOS";
				PRODUCT_NAME = "$(TARGET_NAME)";
				SDKROOT = macosx;
				SWIFT_EMIT_LOC_STRINGS = NO;
				SWIFT_VERSION = 5.0;
				TEST_TARGET_NAME = "PhotoLoader (macOS)";
			};
			name = Release;
		};
		CBDDB6C327451F8B00B0CB35 /* Debug */ = {
			isa = XCBuildConfiguration;
			buildSettings = {
				BUNDLE_LOADER = "$(TEST_HOST)";
				CODE_SIGN_STYLE = Automatic;
				CURRENT_PROJECT_VERSION = 1;
				DEVELOPMENT_TEAM = M3DTZN9V9B;
				GENERATE_INFOPLIST_FILE = YES;
				IPHONEOS_DEPLOYMENT_TARGET = 15.0;
				LD_RUNPATH_SEARCH_PATHS = (
					"$(inherited)",
					"@executable_path/Frameworks",
					"@loader_path/Frameworks",
				);
				MARKETING_VERSION = 1.0;
				PRODUCT_BUNDLE_IDENTIFIER = com.vonbelow.PhotoLoaderTests;
				PRODUCT_NAME = "$(TARGET_NAME)";
				SDKROOT = iphoneos;
				SWIFT_EMIT_LOC_STRINGS = NO;
				SWIFT_VERSION = 5.0;
				TARGETED_DEVICE_FAMILY = "1,2";
				TEST_HOST = "$(BUILT_PRODUCTS_DIR)/PhotoLoader.app/PhotoLoader";
			};
			name = Debug;
		};
		CBDDB6C427451F8B00B0CB35 /* Release */ = {
			isa = XCBuildConfiguration;
			buildSettings = {
				BUNDLE_LOADER = "$(TEST_HOST)";
				CODE_SIGN_STYLE = Automatic;
				CURRENT_PROJECT_VERSION = 1;
				DEVELOPMENT_TEAM = M3DTZN9V9B;
				GENERATE_INFOPLIST_FILE = YES;
				IPHONEOS_DEPLOYMENT_TARGET = 15.0;
				LD_RUNPATH_SEARCH_PATHS = (
					"$(inherited)",
					"@executable_path/Frameworks",
					"@loader_path/Frameworks",
				);
				MARKETING_VERSION = 1.0;
				PRODUCT_BUNDLE_IDENTIFIER = com.vonbelow.PhotoLoaderTests;
				PRODUCT_NAME = "$(TARGET_NAME)";
				SDKROOT = iphoneos;
				SWIFT_EMIT_LOC_STRINGS = NO;
				SWIFT_VERSION = 5.0;
				TARGETED_DEVICE_FAMILY = "1,2";
				TEST_HOST = "$(BUILT_PRODUCTS_DIR)/PhotoLoader.app/PhotoLoader";
				VALIDATE_PRODUCT = YES;
			};
			name = Release;
		};
/* End XCBuildConfiguration section */

/* Begin XCConfigurationList section */
		CBDDB67A27451F2000B0CB35 /* Build configuration list for PBXProject "PhotoLoader" */ = {
			isa = XCConfigurationList;
			buildConfigurations = (
				CBDDB6AA27451F2400B0CB35 /* Debug */,
				CBDDB6AB27451F2400B0CB35 /* Release */,
			);
			defaultConfigurationIsVisible = 0;
			defaultConfigurationName = Release;
		};
		CBDDB6AC27451F2400B0CB35 /* Build configuration list for PBXNativeTarget "PhotoLoader (iOS)" */ = {
			isa = XCConfigurationList;
			buildConfigurations = (
				CBDDB6AD27451F2400B0CB35 /* Debug */,
				CBDDB6AE27451F2400B0CB35 /* Release */,
			);
			defaultConfigurationIsVisible = 0;
			defaultConfigurationName = Release;
		};
		CBDDB6AF27451F2400B0CB35 /* Build configuration list for PBXNativeTarget "PhotoLoader (macOS)" */ = {
			isa = XCConfigurationList;
			buildConfigurations = (
				CBDDB6B027451F2400B0CB35 /* Debug */,
				CBDDB6B127451F2400B0CB35 /* Release */,
			);
			defaultConfigurationIsVisible = 0;
			defaultConfigurationName = Release;
		};
		CBDDB6B227451F2400B0CB35 /* Build configuration list for PBXNativeTarget "Tests iOS" */ = {
			isa = XCConfigurationList;
			buildConfigurations = (
				CBDDB6B327451F2400B0CB35 /* Debug */,
				CBDDB6B427451F2400B0CB35 /* Release */,
			);
			defaultConfigurationIsVisible = 0;
			defaultConfigurationName = Release;
		};
		CBDDB6B527451F2400B0CB35 /* Build configuration list for PBXNativeTarget "Tests macOS" */ = {
			isa = XCConfigurationList;
			buildConfigurations = (
				CBDDB6B627451F2400B0CB35 /* Debug */,
				CBDDB6B727451F2400B0CB35 /* Release */,
			);
			defaultConfigurationIsVisible = 0;
			defaultConfigurationName = Release;
		};
		CBDDB6C227451F8B00B0CB35 /* Build configuration list for PBXNativeTarget "PhotoLoaderTests" */ = {
			isa = XCConfigurationList;
			buildConfigurations = (
				CBDDB6C327451F8B00B0CB35 /* Debug */,
				CBDDB6C427451F8B00B0CB35 /* Release */,
			);
			defaultConfigurationIsVisible = 0;
			defaultConfigurationName = Release;
		};
/* End XCConfigurationList section */
	};
	rootObject = CBDDB67727451F2000B0CB35 /* Project object */;
}
